# This file is autogenerated, do not edit; changes may be undone by the next 'dep ensure'.


[[projects]]
  name = "github.com/tdewolff/parse"
  packages = [
    ".",
    "buffer",
    "css"
  ]
  revision = "639f6272aec6b52094db77b9ec488214b0b4b1a1"
  version = "v2.3.2"

[[projects]]
  branch = "master"
  name = "golang.org/x/net"
  packages = [
    "html",
    "html/atom"
  ]
  revision = "1e491301e022f8f977054da4c2d852decd59571f"

[solve-meta]
  analyzer-name = "dep"
  analyzer-version = 1
  inputs-digest = "42175426b7891a87faa459a79cc3156e84619165057a91d6380724ed54f5db16"
  solver-name = "gps-cdcl"
  solver-version = 1
